
Microsoft Visual Studio Solution File, Format Version 12.00
# Visual Studio Version 16
VisualStudioVersion = 16.0.31410.357
MinimumVisualStudioVersion = 10.0.40219.1
Project("{FAE04EC0-301F-11D3-BF4B-00C04F79EFBC}") = "AccountingNote", "AccountingNote\AccountingNote.csproj", "{C6B2A2B9-B5A2-4392-98E6-8CF7A344190A}"
EndProject
Project("{FAE04EC0-301F-11D3-BF4B-00C04F79EFBC}") = "AccountingNote_DBSoure", "AccountingNote_DBSoure\AccountingNote_DBSoure.csproj", "{C7F6F54B-8D4F-4E81-BD83-B0C4BC13678D}"
EndProject
Project("{FAE04EC0-301F-11D3-BF4B-00C04F79EFBC}") = "WebApplication1", "WebApplication1\WebApplication1.csproj", "{E84DCA24-ED3A-4546-80A7-4E832ABE04FC}"
EndProject
Global
	GlobalSection(SolutionConfigurationPlatforms) = preSolution
		Debug|Any CPU = Debug|Any CPU
		Release|Any CPU = Release|Any CPU
	EndGlobalSection
	GlobalSection(ProjectConfigurationPlatforms) = postSolution
		{C6B2A2B9-B5A2-4392-98E6-8CF7A344190A}.Debug|Any CPU.ActiveCfg = Debug|Any CPU
		{C6B2A2B9-B5A2-4392-98E6-8CF7A344190A}.Debug|Any CPU.Build.0 = Debug|Any CPU
		{C6B2A2B9-B5A2-4392-98E6-8CF7A344190A}.Release|Any CPU.ActiveCfg = Release|Any CPU
		{C6B2A2B9-B5A2-4392-98E6-8CF7A344190A}.Release|Any CPU.Build.0 = Release|Any CPU
		{C7F6F54B-8D4F-4E81-BD83-B0C4BC13678D}.Debug|Any CPU.ActiveCfg = Debug|Any CPU
		{C7F6F54B-8D4F-4E81-BD83-B0C4BC13678D}.Debug|Any CPU.Build.0 = Debug|Any CPU
		{C7F6F54B-8D4F-4E81-BD83-B0C4BC13678D}.Release|Any CPU.ActiveCfg = Release|Any CPU
		{C7F6F54B-8D4F-4E81-BD83-B0C4BC13678D}.Release|Any CPU.Build.0 = Release|Any CPU
		{E84DCA24-ED3A-4546-80A7-4E832ABE04FC}.Debug|Any CPU.ActiveCfg = Debug|Any CPU
		{E84DCA24-ED3A-4546-80A7-4E832ABE04FC}.Debug|Any CPU.Build.0 = Debug|Any CPU
		{E84DCA24-ED3A-4546-80A7-4E832ABE04FC}.Release|Any CPU.ActiveCfg = Release|Any CPU
		{E84DCA24-ED3A-4546-80A7-4E832ABE04FC}.Release|Any CPU.Build.0 = Release|Any CPU
	EndGlobalSection
	GlobalSection(SolutionProperties) = preSolution
		HideSolutionNode = FALSE
	EndGlobalSection
	GlobalSection(ExtensibilityGlobals) = postSolution
		SolutionGuid = {AEEC3A2A-59C0-42CC-B450-CC9CB0C540B2}
	EndGlobalSection
EndGlobal
